
Microsoft Visual Studio Solution File, Format Version 12.00
# Visual Studio Version 17
VisualStudioVersion = 17.1.32210.238
MinimumVisualStudioVersion = 10.0.40219.1
Project("{FAE04EC0-301F-11D3-BF4B-00C04F79EFBC}") = "HwEx01", "HwEx01\HwEx01.csproj", "{3FDD4660-41EF-40FD-A281-EF35C3B88DC8}"
EndProject
Project("{FAE04EC0-301F-11D3-BF4B-00C04F79EFBC}") = "HwEx02", "HwEx02\HwEx02.csproj", "{66D4C0B5-E50B-4A35-9AC0-F5605E55B8C4}"
EndProject
Project("{FAE04EC0-301F-11D3-BF4B-00C04F79EFBC}") = "HwEx03", "HwEx03\HwEx03.csproj", "{80534591-F3B0-4772-B36E-EC828D5CD3AD}"
EndProject
Project("{FAE04EC0-301F-11D3-BF4B-00C04F79EFBC}") = "HwEx04", "HwEx04\HwEx04.csproj", "{06DEE17F-597B-47DF-B167-33EBEACCB8E4}"
EndProject
Project("{FAE04EC0-301F-11D3-BF4B-00C04F79EFBC}") = "HwEx05", "HwEx05\HwEx05.csproj", "{198C52D8-382A-4D3D-9A91-4A9DEA8D6C7C}"
EndProject
Project("{FAE04EC0-301F-11D3-BF4B-00C04F79EFBC}") = "HwEx06", "HwEx06\HwEx06.csproj", "{C6478078-7E42-4233-9824-C8F0CDFD217B}"
EndProject
Project("{FAE04EC0-301F-11D3-BF4B-00C04F79EFBC}") = "HwEx07", "HwEx07\HwEx07.csproj", "{FA7C404A-787C-41BE-BBF2-CFB088023476}"
EndProject
Project("{FAE04EC0-301F-11D3-BF4B-00C04F79EFBC}") = "HwEx08", "HwEx08\HwEx08.csproj", "{E030279A-7402-41EA-B66A-0806FA0D00FE}"
EndProject
Project("{FAE04EC0-301F-11D3-BF4B-00C04F79EFBC}") = "HwEx09", "HwEx09\HwEx09.csproj", "{BFCE8F77-608F-42B4-8515-2D8003A1F014}"
EndProject
Project("{FAE04EC0-301F-11D3-BF4B-00C04F79EFBC}") = "HwEx10", "HwEx10\HwEx10.csproj", "{44B41AD5-554D-4928-88FC-18CFB407D606}"
EndProject
Project("{FAE04EC0-301F-11D3-BF4B-00C04F79EFBC}") = "HwEx11", "HwEx11\HwEx11.csproj", "{8281CB24-4987-4008-890B-A1C74C818117}"
EndProject
Project("{FAE04EC0-301F-11D3-BF4B-00C04F79EFBC}") = "HwEx12", "HwEx12\HwEx12.csproj", "{E07F8AE1-B0E8-4D93-B458-EAFA2A96F883}"
EndProject
Project("{FAE04EC0-301F-11D3-BF4B-00C04F79EFBC}") = "HwEx13", "HwEx13\HwEx13.csproj", "{0FCFF009-272E-4B4E-AFC3-50058A2BC36F}"
EndProject
Global
	GlobalSection(SolutionConfigurationPlatforms) = preSolution
		Debug|Any CPU = Debug|Any CPU
		Release|Any CPU = Release|Any CPU
	EndGlobalSection
	GlobalSection(ProjectConfigurationPlatforms) = postSolution
		{3FDD4660-41EF-40FD-A281-EF35C3B88DC8}.Debug|Any CPU.ActiveCfg = Debug|Any CPU
		{3FDD4660-41EF-40FD-A281-EF35C3B88DC8}.Debug|Any CPU.Build.0 = Debug|Any CPU
		{3FDD4660-41EF-40FD-A281-EF35C3B88DC8}.Release|Any CPU.ActiveCfg = Release|Any CPU
		{3FDD4660-41EF-40FD-A281-EF35C3B88DC8}.Release|Any CPU.Build.0 = Release|Any CPU
		{66D4C0B5-E50B-4A35-9AC0-F5605E55B8C4}.Debug|Any CPU.ActiveCfg = Debug|Any CPU
		{66D4C0B5-E50B-4A35-9AC0-F5605E55B8C4}.Debug|Any CPU.Build.0 = Debug|Any CPU
		{66D4C0B5-E50B-4A35-9AC0-F5605E55B8C4}.Release|Any CPU.ActiveCfg = Release|Any CPU
		{66D4C0B5-E50B-4A35-9AC0-F5605E55B8C4}.Release|Any CPU.Build.0 = Release|Any CPU
		{80534591-F3B0-4772-B36E-EC828D5CD3AD}.Debug|Any CPU.ActiveCfg = Debug|Any CPU
		{80534591-F3B0-4772-B36E-EC828D5CD3AD}.Debug|Any CPU.Build.0 = Debug|Any CPU
		{80534591-F3B0-4772-B36E-EC828D5CD3AD}.Release|Any CPU.ActiveCfg = Release|Any CPU
		{80534591-F3B0-4772-B36E-EC828D5CD3AD}.Release|Any CPU.Build.0 = Release|Any CPU
		{06DEE17F-597B-47DF-B167-33EBEACCB8E4}.Debug|Any CPU.ActiveCfg = Debug|Any CPU
		{06DEE17F-597B-47DF-B167-33EBEACCB8E4}.Debug|Any CPU.Build.0 = Debug|Any CPU
		{06DEE17F-597B-47DF-B167-33EBEACCB8E4}.Release|Any CPU.ActiveCfg = Release|Any CPU
		{06DEE17F-597B-47DF-B167-33EBEACCB8E4}.Release|Any CPU.Build.0 = Release|Any CPU
		{198C52D8-382A-4D3D-9A91-4A9DEA8D6C7C}.Debug|Any CPU.ActiveCfg = Debug|Any CPU
		{198C52D8-382A-4D3D-9A91-4A9DEA8D6C7C}.Debug|Any CPU.Build.0 = Debug|Any CPU
		{198C52D8-382A-4D3D-9A91-4A9DEA8D6C7C}.Release|Any CPU.ActiveCfg = Release|Any CPU
		{198C52D8-382A-4D3D-9A91-4A9DEA8D6C7C}.Release|Any CPU.Build.0 = Release|Any CPU
		{C6478078-7E42-4233-9824-C8F0CDFD217B}.Debug|Any CPU.ActiveCfg = Debug|Any CPU
		{C6478078-7E42-4233-9824-C8F0CDFD217B}.Debug|Any CPU.Build.0 = Debug|Any CPU
		{C6478078-7E42-4233-9824-C8F0CDFD217B}.Release|Any CPU.ActiveCfg = Release|Any CPU
		{C6478078-7E42-4233-9824-C8F0CDFD217B}.Release|Any CPU.Build.0 = Release|Any CPU
		{FA7C404A-787C-41BE-BBF2-CFB088023476}.Debug|Any CPU.ActiveCfg = Debug|Any CPU
		{FA7C404A-787C-41BE-BBF2-CFB088023476}.Debug|Any CPU.Build.0 = Debug|Any CPU
		{FA7C404A-787C-41BE-BBF2-CFB088023476}.Release|Any CPU.ActiveCfg = Release|Any CPU
		{FA7C404A-787C-41BE-BBF2-CFB088023476}.Release|Any CPU.Build.0 = Release|Any CPU
		{E030279A-7402-41EA-B66A-0806FA0D00FE}.Debug|Any CPU.ActiveCfg = Debug|Any CPU
		{E030279A-7402-41EA-B66A-0806FA0D00FE}.Debug|Any CPU.Build.0 = Debug|Any CPU
		{E030279A-7402-41EA-B66A-0806FA0D00FE}.Release|Any CPU.ActiveCfg = Release|Any CPU
		{E030279A-7402-41EA-B66A-0806FA0D00FE}.Release|Any CPU.Build.0 = Release|Any CPU
		{BFCE8F77-608F-42B4-8515-2D8003A1F014}.Debug|Any CPU.ActiveCfg = Debug|Any CPU
		{BFCE8F77-608F-42B4-8515-2D8003A1F014}.Debug|Any CPU.Build.0 = Debug|Any CPU
		{BFCE8F77-608F-42B4-8515-2D8003A1F014}.Release|Any CPU.ActiveCfg = Release|Any CPU
		{BFCE8F77-608F-42B4-8515-2D8003A1F014}.Release|Any CPU.Build.0 = Release|Any CPU
		{44B41AD5-554D-4928-88FC-18CFB407D606}.Debug|Any CPU.ActiveCfg = Debug|Any CPU
		{44B41AD5-554D-4928-88FC-18CFB407D606}.Debug|Any CPU.Build.0 = Debug|Any CPU
		{44B41AD5-554D-4928-88FC-18CFB407D606}.Release|Any CPU.ActiveCfg = Release|Any CPU
		{44B41AD5-554D-4928-88FC-18CFB407D606}.Release|Any CPU.Build.0 = Release|Any CPU
		{8281CB24-4987-4008-890B-A1C74C818117}.Debug|Any CPU.ActiveCfg = Debug|Any CPU
		{8281CB24-4987-4008-890B-A1C74C818117}.Debug|Any CPU.Build.0 = Debug|Any CPU
		{8281CB24-4987-4008-890B-A1C74C818117}.Release|Any CPU.ActiveCfg = Release|Any CPU
		{8281CB24-4987-4008-890B-A1C74C818117}.Release|Any CPU.Build.0 = Release|Any CPU
		{E07F8AE1-B0E8-4D93-B458-EAFA2A96F883}.Debug|Any CPU.ActiveCfg = Debug|Any CPU
		{E07F8AE1-B0E8-4D93-B458-EAFA2A96F883}.Debug|Any CPU.Build.0 = Debug|Any CPU
		{E07F8AE1-B0E8-4D93-B458-EAFA2A96F883}.Release|Any CPU.ActiveCfg = Release|Any CPU
		{E07F8AE1-B0E8-4D93-B458-EAFA2A96F883}.Release|Any CPU.Build.0 = Release|Any CPU
		{0FCFF009-272E-4B4E-AFC3-50058A2BC36F}.Debug|Any CPU.ActiveCfg = Debug|Any CPU
		{0FCFF009-272E-4B4E-AFC3-50058A2BC36F}.Debug|Any CPU.Build.0 = Debug|Any CPU
		{0FCFF009-272E-4B4E-AFC3-50058A2BC36F}.Release|Any CPU.ActiveCfg = Release|Any CPU
		{0FCFF009-272E-4B4E-AFC3-50058A2BC36F}.Release|Any CPU.Build.0 = Release|Any CPU
	EndGlobalSection
	GlobalSection(SolutionProperties) = preSolution
		HideSolutionNode = FALSE
	EndGlobalSection
	GlobalSection(ExtensibilityGlobals) = postSolution
		SolutionGuid = {3B4FE278-92D5-4109-B2BE-4C135335CA27}
	EndGlobalSection
EndGlobal
